
Microsoft Visual Studio Solution File, Format Version 12.00
# Visual Studio Version 17
VisualStudioVersion = 17.4.33205.214
MinimumVisualStudioVersion = 10.0.40219.1
Project("{FAE04EC0-301F-11D3-BF4B-00C04F79EFBC}") = "WebApplication", "WebApplication\WebApplication.csproj", "{8A0D035E-D3FF-4FE2-B217-D2612FE14670}"
EndProject
Project("{FAE04EC0-301F-11D3-BF4B-00C04F79EFBC}") = "PersonContactExtractor", "PersonContactExtractor\PersonContactExtractor.csproj", "{D0CE9A7E-2FB9-4DDB-A910-8A1892DB45DB}"
EndProject
Global
	GlobalSection(SolutionConfigurationPlatforms) = preSolution
		Debug|Any CPU = Debug|Any CPU
		Release|Any CPU = Release|Any CPU
	EndGlobalSection
	GlobalSection(ProjectConfigurationPlatforms) = postSolution
		{8A0D035E-D3FF-4FE2-B217-D2612FE14670}.Debug|Any CPU.ActiveCfg = Debug|Any CPU
		{8A0D035E-D3FF-4FE2-B217-D2612FE14670}.Debug|Any CPU.Build.0 = Debug|Any CPU
		{8A0D035E-D3FF-4FE2-B217-D2612FE14670}.Release|Any CPU.ActiveCfg = Release|Any CPU
		{8A0D035E-D3FF-4FE2-B217-D2612FE14670}.Release|Any CPU.Build.0 = Release|Any CPU
		{D0CE9A7E-2FB9-4DDB-A910-8A1892DB45DB}.Debug|Any CPU.ActiveCfg = Debug|Any CPU
		{D0CE9A7E-2FB9-4DDB-A910-8A1892DB45DB}.Debug|Any CPU.Build.0 = Debug|Any CPU
		{D0CE9A7E-2FB9-4DDB-A910-8A1892DB45DB}.Release|Any CPU.ActiveCfg = Release|Any CPU
		{D0CE9A7E-2FB9-4DDB-A910-8A1892DB45DB}.Release|Any CPU.Build.0 = Release|Any CPU
	EndGlobalSection
	GlobalSection(SolutionProperties) = preSolution
		HideSolutionNode = FALSE
	EndGlobalSection
	GlobalSection(ExtensibilityGlobals) = postSolution
		SolutionGuid = {B1F5D1DF-1DE6-4D18-B5AC-B4360B53F835}
	EndGlobalSection
EndGlobal
